
Microsoft Visual Studio Solution File, Format Version 12.00
# Visual Studio Version 16
VisualStudioVersion = 16.0.29025.244
MinimumVisualStudioVersion = 10.0.40219.1
Project("{FAE04EC0-301F-11D3-BF4B-00C04F79EFBC}") = "DSLuaDecompiler", "DSLuaDecompiler.csproj", "{47811C0D-9FA6-4E84-AED5-70086AAA9095}"
EndProject
Global
	GlobalSection(SolutionConfigurationPlatforms) = preSolution
		Debug|Any CPU = Debug|Any CPU
		Release|Any CPU = Release|Any CPU
	EndGlobalSection
	GlobalSection(ProjectConfigurationPlatforms) = postSolution
		{47811C0D-9FA6-4E84-AED5-70086AAA9095}.Debug|Any CPU.ActiveCfg = Debug|Any CPU
		{47811C0D-9FA6-4E84-AED5-70086AAA9095}.Debug|Any CPU.Build.0 = Debug|Any CPU
		{47811C0D-9FA6-4E84-AED5-70086AAA9095}.Release|Any CPU.ActiveCfg = Release|Any CPU
		{47811C0D-9FA6-4E84-AED5-70086AAA9095}.Release|Any CPU.Build.0 = Release|Any CPU
	EndGlobalSection
	GlobalSection(SolutionProperties) = preSolution
		HideSolutionNode = FALSE
	EndGlobalSection
	GlobalSection(ExtensibilityGlobals) = postSolution
		SolutionGuid = {387079EE-485B-4061-8FF8-268A75D07737}
	EndGlobalSection
EndGlobal
